// !$*UTF8*$!
{
	archiveVersion = 1;
	classes = {
	};
	objectVersion = 50;
	objects = {

/* Begin PBXBuildFile section */
		5908BAFB224A362B00B91DC7 /* ScrollTextView.m in Sources */ = {isa = PBXBuildFile; fileRef = 5908BAF9224A362B00B91DC7 /* ScrollTextView.m */; };
		595D8EF7223FAAD40055B8A4 /* RSA.m in Sources */ = {isa = PBXBuildFile; fileRef = 595D8EF6223FAAD30055B8A4 /* RSA.m */; };
		595D8EFA223FAB2C0055B8A4 /* RSA_Demo.m in Sources */ = {isa = PBXBuildFile; fileRef = 595D8EF9223FAB2C0055B8A4 /* RSA_Demo.m */; };
		8D6CA40896590E11D46F1DF0 /* libPods-DHUtilityLibrary.a in Frameworks */ = {isa = PBXBuildFile; fileRef = CE09B63771C0BB9E7EF9503A /* libPods-DHUtilityLibrary.a */; };
		E30487372180B77C0028229C /* DYDeviceInfo.m in Sources */ = {isa = PBXBuildFile; fileRef = E30487352180B77C0028229C /* DYDeviceInfo.m */; };
		E3389B42217B0792007FAA58 /* AppDelegate.m in Sources */ = {isa = PBXBuildFile; fileRef = E3389B41217B0792007FAA58 /* AppDelegate.m */; };
		E3389B45217B0792007FAA58 /* ViewController.m in Sources */ = {isa = PBXBuildFile; fileRef = E3389B44217B0792007FAA58 /* ViewController.m */; };
		E3389B48217B0792007FAA58 /* Main.storyboard in Resources */ = {isa = PBXBuildFile; fileRef = E3389B46217B0792007FAA58 /* Main.storyboard */; };
		E3389B4A217B0796007FAA58 /* Assets.xcassets in Resources */ = {isa = PBXBuildFile; fileRef = E3389B49217B0796007FAA58 /* Assets.xcassets */; };
		E3389B4D217B0796007FAA58 /* LaunchScreen.storyboard in Resources */ = {isa = PBXBuildFile; fileRef = E3389B4B217B0796007FAA58 /* LaunchScreen.storyboard */; };
		E3389B50217B0796007FAA58 /* main.m in Sources */ = {isa = PBXBuildFile; fileRef = E3389B4F217B0796007FAA58 /* main.m */; };
		E3389B5A217B0796007FAA58 /* DHUtilityLibraryTests.m in Sources */ = {isa = PBXBuildFile; fileRef = E3389B59217B0796007FAA58 /* DHUtilityLibraryTests.m */; };
		E3389B6A217B0CFB007FAA58 /* UIView+LayoutMethods.m in Sources */ = {isa = PBXBuildFile; fileRef = E3389B68217B0CFA007FAA58 /* UIView+LayoutMethods.m */; };
		E3389B70217B105F007FAA58 /* UIView+EqualGap.m in Sources */ = {isa = PBXBuildFile; fileRef = E3389B6F217B105F007FAA58 /* UIView+EqualGap.m */; };
		E3389B76217B13C4007FAA58 /* NSDictionary+SafeAccess.m in Sources */ = {isa = PBXBuildFile; fileRef = E3389B72217B13C4007FAA58 /* NSDictionary+SafeAccess.m */; };
		E3389B77217B13C4007FAA58 /* NSArray+SafeAccess.m in Sources */ = {isa = PBXBuildFile; fileRef = E3389B75217B13C4007FAA58 /* NSArray+SafeAccess.m */; };
		E36B7FE121A0035E00FC6ED3 /* NSDate+Extensions.m in Sources */ = {isa = PBXBuildFile; fileRef = E36B7FE021A0035E00FC6ED3 /* NSDate+Extensions.m */; };
		ED55250F224A4E57009457BB /* SQLiteHelper.m in Sources */ = {isa = PBXBuildFile; fileRef = ED55250A224A4E57009457BB /* SQLiteHelper.m */; };
		ED552510224A4E57009457BB /* SQLiteManager.m in Sources */ = {isa = PBXBuildFile; fileRef = ED55250B224A4E57009457BB /* SQLiteManager.m */; };
		ED552511224A4E57009457BB /* DHFileManager.m in Sources */ = {isa = PBXBuildFile; fileRef = ED55250C224A4E57009457BB /* DHFileManager.m */; };
/* End PBXBuildFile section */

/* Begin PBXContainerItemProxy section */
		E3389B56217B0796007FAA58 /* PBXContainerItemProxy */ = {
			isa = PBXContainerItemProxy;
			containerPortal = E3389B35217B0792007FAA58 /* Project object */;
			proxyType = 1;
			remoteGlobalIDString = E3389B3C217B0792007FAA58;
			remoteInfo = DHUtilityLibrary;
		};
/* End PBXContainerItemProxy section */

/* Begin PBXFileReference section */
		3CCC5D73172C885A61620661 /* Pods-DHUtilityLibrary.debug.xcconfig */ = {isa = PBXFileReference; includeInIndex = 1; lastKnownFileType = text.xcconfig; name = "Pods-DHUtilityLibrary.debug.xcconfig"; path = "Target Support Files/Pods-DHUtilityLibrary/Pods-DHUtilityLibrary.debug.xcconfig"; sourceTree = "<group>"; };
		5908BAF9224A362B00B91DC7 /* ScrollTextView.m */ = {isa = PBXFileReference; fileEncoding = 4; lastKnownFileType = sourcecode.c.objc; path = ScrollTextView.m; sourceTree = "<group>"; };
		5908BAFA224A362B00B91DC7 /* ScrollTextView.h */ = {isa = PBXFileReference; fileEncoding = 4; lastKnownFileType = sourcecode.c.h; path = ScrollTextView.h; sourceTree = "<group>"; };
		595D8EF5223FAAD30055B8A4 /* RSA.h */ = {isa = PBXFileReference; fileEncoding = 4; lastKnownFileType = sourcecode.c.h; path = RSA.h; sourceTree = "<group>"; };
		595D8EF6223FAAD30055B8A4 /* RSA.m */ = {isa = PBXFileReference; fileEncoding = 4; lastKnownFileType = sourcecode.c.objc; path = RSA.m; sourceTree = "<group>"; };
		595D8EF8223FAB2C0055B8A4 /* RSA_Demo.h */ = {isa = PBXFileReference; lastKnownFileType = sourcecode.c.h; path = RSA_Demo.h; sourceTree = "<group>"; };
		595D8EF9223FAB2C0055B8A4 /* RSA_Demo.m */ = {isa = PBXFileReference; lastKnownFileType = sourcecode.c.objc; path = RSA_Demo.m; sourceTree = "<group>"; };
		C12497B2D705D3F00F7C3DCA /* Pods-DHUtilityLibrary.release.xcconfig */ = {isa = PBXFileReference; includeInIndex = 1; lastKnownFileType = text.xcconfig; name = "Pods-DHUtilityLibrary.release.xcconfig"; path = "Target Support Files/Pods-DHUtilityLibrary/Pods-DHUtilityLibrary.release.xcconfig"; sourceTree = "<group>"; };
		CE09B63771C0BB9E7EF9503A /* libPods-DHUtilityLibrary.a */ = {isa = PBXFileReference; explicitFileType = archive.ar; includeInIndex = 0; path = "libPods-DHUtilityLibrary.a"; sourceTree = BUILT_PRODUCTS_DIR; };
		E30487352180B77C0028229C /* DYDeviceInfo.m */ = {isa = PBXFileReference; fileEncoding = 4; lastKnownFileType = sourcecode.c.objc; path = DYDeviceInfo.m; sourceTree = "<group>"; };
		E30487362180B77C0028229C /* DYDeviceInfo.h */ = {isa = PBXFileReference; fileEncoding = 4; lastKnownFileType = sourcecode.c.h; path = DYDeviceInfo.h; sourceTree = "<group>"; };
		E3389B3D217B0792007FAA58 /* DHUtilityLibrary.app */ = {isa = PBXFileReference; explicitFileType = wrapper.application; includeInIndex = 0; path = DHUtilityLibrary.app; sourceTree = BUILT_PRODUCTS_DIR; };
		E3389B40217B0792007FAA58 /* AppDelegate.h */ = {isa = PBXFileReference; lastKnownFileType = sourcecode.c.h; path = AppDelegate.h; sourceTree = "<group>"; };
		E3389B41217B0792007FAA58 /* AppDelegate.m */ = {isa = PBXFileReference; lastKnownFileType = sourcecode.c.objc; path = AppDelegate.m; sourceTree = "<group>"; };
		E3389B43217B0792007FAA58 /* ViewController.h */ = {isa = PBXFileReference; lastKnownFileType = sourcecode.c.h; path = ViewController.h; sourceTree = "<group>"; };
		E3389B44217B0792007FAA58 /* ViewController.m */ = {isa = PBXFileReference; lastKnownFileType = sourcecode.c.objc; path = ViewController.m; sourceTree = "<group>"; };
		E3389B47217B0792007FAA58 /* Base */ = {isa = PBXFileReference; lastKnownFileType = file.storyboard; name = Base; path = Base.lproj/Main.storyboard; sourceTree = "<group>"; };
		E3389B49217B0796007FAA58 /* Assets.xcassets */ = {isa = PBXFileReference; lastKnownFileType = folder.assetcatalog; path = Assets.xcassets; sourceTree = "<group>"; };
		E3389B4C217B0796007FAA58 /* Base */ = {isa = PBXFileReference; lastKnownFileType = file.storyboard; name = Base; path = Base.lproj/LaunchScreen.storyboard; sourceTree = "<group>"; };
		E3389B4E217B0796007FAA58 /* Info.plist */ = {isa = PBXFileReference; lastKnownFileType = text.plist.xml; path = Info.plist; sourceTree = "<group>"; };
		E3389B4F217B0796007FAA58 /* main.m */ = {isa = PBXFileReference; lastKnownFileType = sourcecode.c.objc; path = main.m; sourceTree = "<group>"; };
		E3389B55217B0796007FAA58 /* DHUtilityLibraryTests.xctest */ = {isa = PBXFileReference; explicitFileType = wrapper.cfbundle; includeInIndex = 0; path = DHUtilityLibraryTests.xctest; sourceTree = BUILT_PRODUCTS_DIR; };
		E3389B59217B0796007FAA58 /* DHUtilityLibraryTests.m */ = {isa = PBXFileReference; lastKnownFileType = sourcecode.c.objc; path = DHUtilityLibraryTests.m; sourceTree = "<group>"; };
		E3389B5B217B0796007FAA58 /* Info.plist */ = {isa = PBXFileReference; lastKnownFileType = text.plist.xml; path = Info.plist; sourceTree = "<group>"; };
		E3389B68217B0CFA007FAA58 /* UIView+LayoutMethods.m */ = {isa = PBXFileReference; fileEncoding = 4; lastKnownFileType = sourcecode.c.objc; path = "UIView+LayoutMethods.m"; sourceTree = "<group>"; };
		E3389B69217B0CFA007FAA58 /* UIView+LayoutMethods.h */ = {isa = PBXFileReference; fileEncoding = 4; lastKnownFileType = sourcecode.c.h; path = "UIView+LayoutMethods.h"; sourceTree = "<group>"; };
		E3389B6E217B105F007FAA58 /* UIView+EqualGap.h */ = {isa = PBXFileReference; lastKnownFileType = sourcecode.c.h; path = "UIView+EqualGap.h"; sourceTree = "<group>"; };
		E3389B6F217B105F007FAA58 /* UIView+EqualGap.m */ = {isa = PBXFileReference; lastKnownFileType = sourcecode.c.objc; path = "UIView+EqualGap.m"; sourceTree = "<group>"; };
		E3389B72217B13C4007FAA58 /* NSDictionary+SafeAccess.m */ = {isa = PBXFileReference; fileEncoding = 4; lastKnownFileType = sourcecode.c.objc; path = "NSDictionary+SafeAccess.m"; sourceTree = "<group>"; };
		E3389B73217B13C4007FAA58 /* NSDictionary+SafeAccess.h */ = {isa = PBXFileReference; fileEncoding = 4; lastKnownFileType = sourcecode.c.h; path = "NSDictionary+SafeAccess.h"; sourceTree = "<group>"; };
		E3389B74217B13C4007FAA58 /* NSArray+SafeAccess.h */ = {isa = PBXFileReference; fileEncoding = 4; lastKnownFileType = sourcecode.c.h; path = "NSArray+SafeAccess.h"; sourceTree = "<group>"; };
		E3389B75217B13C4007FAA58 /* NSArray+SafeAccess.m */ = {isa = PBXFileReference; fileEncoding = 4; lastKnownFileType = sourcecode.c.objc; path = "NSArray+SafeAccess.m"; sourceTree = "<group>"; };
		E36B7FDF21A0035E00FC6ED3 /* NSDate+Extensions.h */ = {isa = PBXFileReference; fileEncoding = 4; lastKnownFileType = sourcecode.c.h; path = "NSDate+Extensions.h"; sourceTree = "<group>"; };
		E36B7FE021A0035E00FC6ED3 /* NSDate+Extensions.m */ = {isa = PBXFileReference; fileEncoding = 4; lastKnownFileType = sourcecode.c.objc; path = "NSDate+Extensions.m"; sourceTree = "<group>"; };
		E3D9158F2184296B001BD25D /* MacroUtilities.h */ = {isa = PBXFileReference; lastKnownFileType = sourcecode.c.h; path = MacroUtilities.h; sourceTree = "<group>"; };
		ED552509224A4E57009457BB /* DHFileManager.h */ = {isa = PBXFileReference; fileEncoding = 4; lastKnownFileType = sourcecode.c.h; path = DHFileManager.h; sourceTree = "<group>"; };
		ED55250A224A4E57009457BB /* SQLiteHelper.m */ = {isa = PBXFileReference; fileEncoding = 4; lastKnownFileType = sourcecode.c.objc; path = SQLiteHelper.m; sourceTree = "<group>"; };
		ED55250B224A4E57009457BB /* SQLiteManager.m */ = {isa = PBXFileReference; fileEncoding = 4; lastKnownFileType = sourcecode.c.objc; path = SQLiteManager.m; sourceTree = "<group>"; };
		ED55250C224A4E57009457BB /* DHFileManager.m */ = {isa = PBXFileReference; fileEncoding = 4; lastKnownFileType = sourcecode.c.objc; path = DHFileManager.m; sourceTree = "<group>"; };
		ED55250D224A4E57009457BB /* SQLiteManager.h */ = {isa = PBXFileReference; fileEncoding = 4; lastKnownFileType = sourcecode.c.h; path = SQLiteManager.h; sourceTree = "<group>"; };
		ED55250E224A4E57009457BB /* SQLiteHelper.h */ = {isa = PBXFileReference; fileEncoding = 4; lastKnownFileType = sourcecode.c.h; path = SQLiteHelper.h; sourceTree = "<group>"; };
/* End PBXFileReference section */

/* Begin PBXFrameworksBuildPhase section */
		E3389B3A217B0792007FAA58 /* Frameworks */ = {
			isa = PBXFrameworksBuildPhase;
			buildActionMask = 2147483647;
			files = (
				8D6CA40896590E11D46F1DF0 /* libPods-DHUtilityLibrary.a in Frameworks */,
			);
			runOnlyForDeploymentPostprocessing = 0;
		};
		E3389B52217B0796007FAA58 /* Frameworks */ = {
			isa = PBXFrameworksBuildPhase;
			buildActionMask = 2147483647;
			files = (
			);
			runOnlyForDeploymentPostprocessing = 0;
		};
/* End PBXFrameworksBuildPhase section */

/* Begin PBXGroup section */
		37660B8CEBC86CF04C7A65DD /* Pods */ = {
			isa = PBXGroup;
			children = (
				3CCC5D73172C885A61620661 /* Pods-DHUtilityLibrary.debug.xcconfig */,
				C12497B2D705D3F00F7C3DCA /* Pods-DHUtilityLibrary.release.xcconfig */,
			);
			path = Pods;
			sourceTree = "<group>";
		};
		5908BAF8224A361B00B91DC7 /* SubViews */ = {
			isa = PBXGroup;
			children = (
				5908BAFA224A362B00B91DC7 /* ScrollTextView.h */,
				5908BAF9224A362B00B91DC7 /* ScrollTextView.m */,
			);
			path = SubViews;
			sourceTree = "<group>";
		};
		5908BAFC224A363400B91DC7 /* Tools */ = {
			isa = PBXGroup;
			children = (
				595D8EF4223FAAB80055B8A4 /* RSA */,
			);
			path = Tools;
			sourceTree = "<group>";
		};
		595D8EF4223FAAB80055B8A4 /* RSA */ = {
			isa = PBXGroup;
			children = (
				595D8EF5223FAAD30055B8A4 /* RSA.h */,
				595D8EF6223FAAD30055B8A4 /* RSA.m */,
				595D8EF8223FAB2C0055B8A4 /* RSA_Demo.h */,
				595D8EF9223FAB2C0055B8A4 /* RSA_Demo.m */,
			);
			path = RSA;
			sourceTree = "<group>";
		};
		6FC1B8EB8C735FB3D1EBAEDD /* Frameworks */ = {
			isa = PBXGroup;
			children = (
				CE09B63771C0BB9E7EF9503A /* libPods-DHUtilityLibrary.a */,
			);
			name = Frameworks;
			sourceTree = "<group>";
		};
		E30487342180B6EB0028229C /* Utility */ = {
			isa = PBXGroup;
			children = (
				E30487362180B77C0028229C /* DYDeviceInfo.h */,
				E30487352180B77C0028229C /* DYDeviceInfo.m */,
				ED552508224A4E3B009457BB /* SQLHelper */,
			);
			path = Utility;
			sourceTree = "<group>";
		};
		E3389B34217B0792007FAA58 = {
			isa = PBXGroup;
			children = (
				E3389B3F217B0792007FAA58 /* DHUtilityLibrary */,
				E3389B58217B0796007FAA58 /* DHUtilityLibraryTests */,
				E3389B3E217B0792007FAA58 /* Products */,
				37660B8CEBC86CF04C7A65DD /* Pods */,
				6FC1B8EB8C735FB3D1EBAEDD /* Frameworks */,
			);
			sourceTree = "<group>";
		};
		E3389B3E217B0792007FAA58 /* Products */ = {
			isa = PBXGroup;
			children = (
				E3389B3D217B0792007FAA58 /* DHUtilityLibrary.app */,
				E3389B55217B0796007FAA58 /* DHUtilityLibraryTests.xctest */,
			);
			name = Products;
			sourceTree = "<group>";
		};
		E3389B3F217B0792007FAA58 /* DHUtilityLibrary */ = {
			isa = PBXGroup;
			children = (
				E3389B40217B0792007FAA58 /* AppDelegate.h */,
				E3389B41217B0792007FAA58 /* AppDelegate.m */,
				E3389B43217B0792007FAA58 /* ViewController.h */,
				E3389B44217B0792007FAA58 /* ViewController.m */,
				E3389B64217B08BE007FAA58 /* DHUtilityLibrary */,
				E3389B46217B0792007FAA58 /* Main.storyboard */,
				E3389B49217B0796007FAA58 /* Assets.xcassets */,
				E3389B4B217B0796007FAA58 /* LaunchScreen.storyboard */,
				E3389B4E217B0796007FAA58 /* Info.plist */,
				E3389B4F217B0796007FAA58 /* main.m */,
			);
			path = DHUtilityLibrary;
			sourceTree = "<group>";
		};
		E3389B58217B0796007FAA58 /* DHUtilityLibraryTests */ = {
			isa = PBXGroup;
			children = (
				E3389B59217B0796007FAA58 /* DHUtilityLibraryTests.m */,
				E3389B5B217B0796007FAA58 /* Info.plist */,
			);
			path = DHUtilityLibraryTests;
			sourceTree = "<group>";
		};
		E3389B64217B08BE007FAA58 /* DHUtilityLibrary */ = {
			isa = PBXGroup;
			children = (
				E3D9158F2184296B001BD25D /* MacroUtilities.h */,
				5908BAFC224A363400B91DC7 /* Tools */,
				5908BAF8224A361B00B91DC7 /* SubViews */,
				E30487342180B6EB0028229C /* Utility */,
				E3389B67217B0A77007FAA58 /* Foundation */,
				E3389B65217B0A43007FAA58 /* UI */,
			);
			path = DHUtilityLibrary;
			sourceTree = "<group>";
		};
		E3389B65217B0A43007FAA58 /* UI */ = {
			isa = PBXGroup;
			children = (
				E3389B69217B0CFA007FAA58 /* UIView+LayoutMethods.h */,
				E3389B68217B0CFA007FAA58 /* UIView+LayoutMethods.m */,
				E3389B6E217B105F007FAA58 /* UIView+EqualGap.h */,
				E3389B6F217B105F007FAA58 /* UIView+EqualGap.m */,
			);
			path = UI;
			sourceTree = "<group>";
		};
		E3389B67217B0A77007FAA58 /* Foundation */ = {
			isa = PBXGroup;
			children = (
				E36B7FDF21A0035E00FC6ED3 /* NSDate+Extensions.h */,
				E36B7FE021A0035E00FC6ED3 /* NSDate+Extensions.m */,
				E3389B74217B13C4007FAA58 /* NSArray+SafeAccess.h */,
				E3389B75217B13C4007FAA58 /* NSArray+SafeAccess.m */,
				E3389B73217B13C4007FAA58 /* NSDictionary+SafeAccess.h */,
				E3389B72217B13C4007FAA58 /* NSDictionary+SafeAccess.m */,
			);
			path = Foundation;
			sourceTree = "<group>";
		};
		ED552508224A4E3B009457BB /* SQLHelper */ = {
			isa = PBXGroup;
			children = (
				ED552509224A4E57009457BB /* DHFileManager.h */,
				ED55250C224A4E57009457BB /* DHFileManager.m */,
				ED55250E224A4E57009457BB /* SQLiteHelper.h */,
				ED55250A224A4E57009457BB /* SQLiteHelper.m */,
				ED55250D224A4E57009457BB /* SQLiteManager.h */,
				ED55250B224A4E57009457BB /* SQLiteManager.m */,
			);
			path = SQLHelper;
			sourceTree = "<group>";
		};
/* End PBXGroup section */

/* Begin PBXNativeTarget section */
		E3389B3C217B0792007FAA58 /* DHUtilityLibrary */ = {
			isa = PBXNativeTarget;
			buildConfigurationList = E3389B5E217B0796007FAA58 /* Build configuration list for PBXNativeTarget "DHUtilityLibrary" */;
			buildPhases = (
				61BF42480C0B519B6F760581 /* [CP] Check Pods Manifest.lock */,
				E3389B39217B0792007FAA58 /* Sources */,
				E3389B3A217B0792007FAA58 /* Frameworks */,
				E3389B3B217B0792007FAA58 /* Resources */,
			);
			buildRules = (
			);
			dependencies = (
			);
			name = DHUtilityLibrary;
			productName = DHUtilityLibrary;
			productReference = E3389B3D217B0792007FAA58 /* DHUtilityLibrary.app */;
			productType = "com.apple.product-type.application";
		};
		E3389B54217B0796007FAA58 /* DHUtilityLibraryTests */ = {
			isa = PBXNativeTarget;
			buildConfigurationList = E3389B61217B0796007FAA58 /* Build configuration list for PBXNativeTarget "DHUtilityLibraryTests" */;
			buildPhases = (
				E3389B51217B0796007FAA58 /* Sources */,
				E3389B52217B0796007FAA58 /* Frameworks */,
				E3389B53217B0796007FAA58 /* Resources */,
			);
			buildRules = (
			);
			dependencies = (
				E3389B57217B0796007FAA58 /* PBXTargetDependency */,
			);
			name = DHUtilityLibraryTests;
			productName = DHUtilityLibraryTests;
			productReference = E3389B55217B0796007FAA58 /* DHUtilityLibraryTests.xctest */;
			productType = "com.apple.product-type.bundle.unit-test";
		};
/* End PBXNativeTarget section */

/* Begin PBXProject section */
		E3389B35217B0792007FAA58 /* Project object */ = {
			isa = PBXProject;
			attributes = {
				LastUpgradeCheck = 1000;
				ORGANIZATIONNAME = apple;
				TargetAttributes = {
					E3389B3C217B0792007FAA58 = {
						CreatedOnToolsVersion = 10.0;
					};
					E3389B54217B0796007FAA58 = {
						CreatedOnToolsVersion = 10.0;
						TestTargetID = E3389B3C217B0792007FAA58;
					};
				};
			};
			buildConfigurationList = E3389B38217B0792007FAA58 /* Build configuration list for PBXProject "DHUtilityLibrary" */;
			compatibilityVersion = "Xcode 9.3";
			developmentRegion = en;
			hasScannedForEncodings = 0;
			knownRegions = (
				en,
				Base,
			);
			mainGroup = E3389B34217B0792007FAA58;
			productRefGroup = E3389B3E217B0792007FAA58 /* Products */;
			projectDirPath = "";
			projectRoot = "";
			targets = (
				E3389B3C217B0792007FAA58 /* DHUtilityLibrary */,
				E3389B54217B0796007FAA58 /* DHUtilityLibraryTests */,
			);
		};
/* End PBXProject section */

/* Begin PBXResourcesBuildPhase section */
		E3389B3B217B0792007FAA58 /* Resources */ = {
			isa = PBXResourcesBuildPhase;
			buildActionMask = 2147483647;
			files = (
				E3389B4D217B0796007FAA58 /* LaunchScreen.storyboard in Resources */,
				E3389B4A217B0796007FAA58 /* Assets.xcassets in Resources */,
				E3389B48217B0792007FAA58 /* Main.storyboard in Resources */,
			);
			runOnlyForDeploymentPostprocessing = 0;
		};
		E3389B53217B0796007FAA58 /* Resources */ = {
			isa = PBXResourcesBuildPhase;
			buildActionMask = 2147483647;
			files = (
			);
			runOnlyForDeploymentPostprocessing = 0;
		};
/* End PBXResourcesBuildPhase section */

/* Begin PBXShellScriptBuildPhase section */
		61BF42480C0B519B6F760581 /* [CP] Check Pods Manifest.lock */ = {
			isa = PBXShellScriptBuildPhase;
			buildActionMask = 2147483647;
			files = (
			);
			inputPaths = (
				"${PODS_PODFILE_DIR_PATH}/Podfile.lock",
				"${PODS_ROOT}/Manifest.lock",
			);
			name = "[CP] Check Pods Manifest.lock";
			outputPaths = (
				"$(DERIVED_FILE_DIR)/Pods-DHUtilityLibrary-checkManifestLockResult.txt",
			);
			runOnlyForDeploymentPostprocessing = 0;
			shellPath = /bin/sh;
			shellScript = "diff \"${PODS_PODFILE_DIR_PATH}/Podfile.lock\" \"${PODS_ROOT}/Manifest.lock\" > /dev/null\nif [ $? != 0 ] ; then\n    # print error to STDERR\n    echo \"error: The sandbox is not in sync with the Podfile.lock. Run 'pod install' or update your CocoaPods installation.\" >&2\n    exit 1\nfi\n# This output is used by Xcode 'outputs' to avoid re-running this script phase.\necho \"SUCCESS\" > \"${SCRIPT_OUTPUT_FILE_0}\"\n";
			showEnvVarsInLog = 0;
		};
/* End PBXShellScriptBuildPhase section */

/* Begin PBXSourcesBuildPhase section */
		E3389B39217B0792007FAA58 /* Sources */ = {
			isa = PBXSourcesBuildPhase;
			buildActionMask = 2147483647;
			files = (
				E3389B45217B0792007FAA58 /* ViewController.m in Sources */,
				E3389B50217B0796007FAA58 /* main.m in Sources */,
				595D8EFA223FAB2C0055B8A4 /* RSA_Demo.m in Sources */,
				ED552511224A4E57009457BB /* DHFileManager.m in Sources */,
				ED55250F224A4E57009457BB /* SQLiteHelper.m in Sources */,
				E30487372180B77C0028229C /* DYDeviceInfo.m in Sources */,
				ED552510224A4E57009457BB /* SQLiteManager.m in Sources */,
				E3389B42217B0792007FAA58 /* AppDelegate.m in Sources */,
				E3389B76217B13C4007FAA58 /* NSDictionary+SafeAccess.m in Sources */,
				E3389B70217B105F007FAA58 /* UIView+EqualGap.m in Sources */,
				595D8EF7223FAAD40055B8A4 /* RSA.m in Sources */,
				E36B7FE121A0035E00FC6ED3 /* NSDate+Extensions.m in Sources */,
				E3389B6A217B0CFB007FAA58 /* UIView+LayoutMethods.m in Sources */,
				5908BAFB224A362B00B91DC7 /* ScrollTextView.m in Sources */,
				E3389B77217B13C4007FAA58 /* NSArray+SafeAccess.m in Sources */,
			);
			runOnlyForDeploymentPostprocessing = 0;
		};
		E3389B51217B0796007FAA58 /* Sources */ = {
			isa = PBXSourcesBuildPhase;
			buildActionMask = 2147483647;
			files = (
				E3389B5A217B0796007FAA58 /* DHUtilityLibraryTests.m in Sources */,
			);
			runOnlyForDeploymentPostprocessing = 0;
		};
/* End PBXSourcesBuildPhase section */

/* Begin PBXTargetDependency section */
		E3389B57217B0796007FAA58 /* PBXTargetDependency */ = {
			isa = PBXTargetDependency;
			target = E3389B3C217B0792007FAA58 /* DHUtilityLibrary */;
			targetProxy = E3389B56217B0796007FAA58 /* PBXContainerItemProxy */;
		};
/* End PBXTargetDependency section */

/* Begin PBXVariantGroup section */
		E3389B46217B0792007FAA58 /* Main.storyboard */ = {
			isa = PBXVariantGroup;
			children = (
				E3389B47217B0792007FAA58 /* Base */,
			);
			name = Main.storyboard;
			sourceTree = "<group>";
		};
		E3389B4B217B0796007FAA58 /* LaunchScreen.storyboard */ = {
			isa = PBXVariantGroup;
			children = (
				E3389B4C217B0796007FAA58 /* Base */,
			);
			name = LaunchScreen.storyboard;
			sourceTree = "<group>";
		};
/* End PBXVariantGroup section */

/* Begin XCBuildConfiguration section */
		E3389B5C217B0796007FAA58 /* Debug */ = {
			isa = XCBuildConfiguration;
			buildSettings = {
				ALWAYS_SEARCH_USER_PATHS = NO;
				CLANG_ANALYZER_NONNULL = YES;
				CLANG_ANALYZER_NUMBER_OBJECT_CONVERSION = YES_AGGRESSIVE;
				CLANG_CXX_LANGUAGE_STANDARD = "gnu++14";
				CLANG_CXX_LIBRARY = "libc++";
				CLANG_ENABLE_MODULES = YES;
				CLANG_ENABLE_OBJC_ARC = YES;
				CLANG_ENABLE_OBJC_WEAK = YES;
				CLANG_WARN_BLOCK_CAPTURE_AUTORELEASING = YES;
				CLANG_WARN_BOOL_CONVERSION = YES;
				CLANG_WARN_COMMA = YES;
				CLANG_WARN_CONSTANT_CONVERSION = YES;
				CLANG_WARN_DEPRECATED_OBJC_IMPLEMENTATIONS = YES;
				CLANG_WARN_DIRECT_OBJC_ISA_USAGE = YES_ERROR;
				CLANG_WARN_DOCUMENTATION_COMMENTS = YES;
				CLANG_WARN_EMPTY_BODY = YES;
				CLANG_WARN_ENUM_CONVERSION = YES;
				CLANG_WARN_INFINITE_RECURSION = YES;
				CLANG_WARN_INT_CONVERSION = YES;
				CLANG_WARN_NON_LITERAL_NULL_CONVERSION = YES;
				CLANG_WARN_OBJC_IMPLICIT_RETAIN_SELF = YES;
				CLANG_WARN_OBJC_LITERAL_CONVERSION = YES;
				CLANG_WARN_OBJC_ROOT_CLASS = YES_ERROR;
				CLANG_WARN_RANGE_LOOP_ANALYSIS = YES;
				CLANG_WARN_STRICT_PROTOTYPES = YES;
				CLANG_WARN_SUSPICIOUS_MOVE = YES;
				CLANG_WARN_UNGUARDED_AVAILABILITY = YES_AGGRESSIVE;
				CLANG_WARN_UNREACHABLE_CODE = YES;
				CLANG_WARN__DUPLICATE_METHOD_MATCH = YES;
				CODE_SIGN_IDENTITY = "iPhone Developer";
				COPY_PHASE_STRIP = NO;
				DEBUG_INFORMATION_FORMAT = dwarf;
				ENABLE_STRICT_OBJC_MSGSEND = YES;
				ENABLE_TESTABILITY = YES;
				GCC_C_LANGUAGE_STANDARD = gnu11;
				GCC_DYNAMIC_NO_PIC = NO;
				GCC_NO_COMMON_BLOCKS = YES;
				GCC_OPTIMIZATION_LEVEL = 0;
				GCC_PREPROCESSOR_DEFINITIONS = (
					"DEBUG=1",
					"$(inherited)",
				);
				GCC_WARN_64_TO_32_BIT_CONVERSION = YES;
				GCC_WARN_ABOUT_RETURN_TYPE = YES_ERROR;
				GCC_WARN_UNDECLARED_SELECTOR = YES;
				GCC_WARN_UNINITIALIZED_AUTOS = YES_AGGRESSIVE;
				GCC_WARN_UNUSED_FUNCTION = YES;
				GCC_WARN_UNUSED_VARIABLE = YES;
				IPHONEOS_DEPLOYMENT_TARGET = 12.0;
				MTL_ENABLE_DEBUG_INFO = INCLUDE_SOURCE;
				MTL_FAST_MATH = YES;
				ONLY_ACTIVE_ARCH = YES;
				SDKROOT = iphoneos;
			};
			name = Debug;
		};
		E3389B5D217B0796007FAA58 /* Release */ = {
			isa = XCBuildConfiguration;
			buildSettings = {
				ALWAYS_SEARCH_USER_PATHS = NO;
				CLANG_ANALYZER_NONNULL = YES;
				CLANG_ANALYZER_NUMBER_OBJECT_CONVERSION = YES_AGGRESSIVE;
				CLANG_CXX_LANGUAGE_STANDARD = "gnu++14";
				CLANG_CXX_LIBRARY = "libc++";
				CLANG_ENABLE_MODULES = YES;
				CLANG_ENABLE_OBJC_ARC = YES;
				CLANG_ENABLE_OBJC_WEAK = YES;
				CLANG_WARN_BLOCK_CAPTURE_AUTORELEASING = YES;
				CLANG_WARN_BOOL_CONVERSION = YES;
				CLANG_WARN_COMMA = YES;
				CLANG_WARN_CONSTANT_CONVERSION = YES;
				CLANG_WARN_DEPRECATED_OBJC_IMPLEMENTATIONS = YES;
				CLANG_WARN_DIRECT_OBJC_ISA_USAGE = YES_ERROR;
				CLANG_WARN_DOCUMENTATION_COMMENTS = YES;
				CLANG_WARN_EMPTY_BODY = YES;
				CLANG_WARN_ENUM_CONVERSION = YES;
				CLANG_WARN_INFINITE_RECURSION = YES;
				CLANG_WARN_INT_CONVERSION = YES;
				CLANG_WARN_NON_LITERAL_NULL_CONVERSION = YES;
				CLANG_WARN_OBJC_IMPLICIT_RETAIN_SELF = YES;
				CLANG_WARN_OBJC_LITERAL_CONVERSION = YES;
				CLANG_WARN_OBJC_ROOT_CLASS = YES_ERROR;
				CLANG_WARN_RANGE_LOOP_ANALYSIS = YES;
				CLANG_WARN_STRICT_PROTOTYPES = YES;
				CLANG_WARN_SUSPICIOUS_MOVE = YES;
				CLANG_WARN_UNGUARDED_AVAILABILITY = YES_AGGRESSIVE;
				CLANG_WARN_UNREACHABLE_CODE = YES;
				CLANG_WARN__DUPLICATE_METHOD_MATCH = YES;
				CODE_SIGN_IDENTITY = "iPhone Developer";
				COPY_PHASE_STRIP = NO;
				DEBUG_INFORMATION_FORMAT = "dwarf-with-dsym";
				ENABLE_NS_ASSERTIONS = NO;
				ENABLE_STRICT_OBJC_MSGSEND = YES;
				GCC_C_LANGUAGE_STANDARD = gnu11;
				GCC_NO_COMMON_BLOCKS = YES;
				GCC_WARN_64_TO_32_BIT_CONVERSION = YES;
				GCC_WARN_ABOUT_RETURN_TYPE = YES_ERROR;
				GCC_WARN_UNDECLARED_SELECTOR = YES;
				GCC_WARN_UNINITIALIZED_AUTOS = YES_AGGRESSIVE;
				GCC_WARN_UNUSED_FUNCTION = YES;
				GCC_WARN_UNUSED_VARIABLE = YES;
				IPHONEOS_DEPLOYMENT_TARGET = 12.0;
				MTL_ENABLE_DEBUG_INFO = NO;
				MTL_FAST_MATH = YES;
				SDKROOT = iphoneos;
				VALIDATE_PRODUCT = YES;
			};
			name = Release;
		};
		E3389B5F217B0796007FAA58 /* Debug */ = {
			isa = XCBuildConfiguration;
			baseConfigurationReference = 3CCC5D73172C885A61620661 /* Pods-DHUtilityLibrary.debug.xcconfig */;
			buildSettings = {
				ASSETCATALOG_COMPILER_APPICON_NAME = AppIcon;
				CODE_SIGN_STYLE = Automatic;
				DEVELOPMENT_TEAM = 72L4LYLYP6;
				INFOPLIST_FILE = DHUtilityLibrary/Info.plist;
				IPHONEOS_DEPLOYMENT_TARGET = 9.0;
				LD_RUNPATH_SEARCH_PATHS = (
					"$(inherited)",
					"@executable_path/Frameworks",
				);
				PRODUCT_BUNDLE_IDENTIFIER = liu.DHUtilityLibrary;
				PRODUCT_NAME = "$(TARGET_NAME)";
				TARGETED_DEVICE_FAMILY = "1,2";
			};
			name = Debug;
		};
		E3389B60217B0796007FAA58 /* Release */ = {
			isa = XCBuildConfiguration;
			baseConfigurationReference = C12497B2D705D3F00F7C3DCA /* Pods-DHUtilityLibrary.release.xcconfig */;
			buildSettings = {
				ASSETCATALOG_COMPILER_APPICON_NAME = AppIcon;
				CODE_SIGN_STYLE = Automatic;
				DEVELOPMENT_TEAM = 72L4LYLYP6;
				INFOPLIST_FILE = DHUtilityLibrary/Info.plist;
				IPHONEOS_DEPLOYMENT_TARGET = 9.0;
				LD_RUNPATH_SEARCH_PATHS = (
					"$(inherited)",
					"@executable_path/Frameworks",
				);
				PRODUCT_BUNDLE_IDENTIFIER = liu.DHUtilityLibrary;
				PRODUCT_NAME = "$(TARGET_NAME)";
				TARGETED_DEVICE_FAMILY = "1,2";
			};
			name = Release;
		};
		E3389B62217B0796007FAA58 /* Debug */ = {
			isa = XCBuildConfiguration;
			buildSettings = {
				BUNDLE_LOADER = "$(TEST_HOST)";
				CODE_SIGN_STYLE = Automatic;
				INFOPLIST_FILE = DHUtilityLibraryTests/Info.plist;
				LD_RUNPATH_SEARCH_PATHS = (
					"$(inherited)",
					"@executable_path/Frameworks",
					"@loader_path/Frameworks",
				);
				PRODUCT_BUNDLE_IDENTIFIER = liu.DHUtilityLibraryTests;
				PRODUCT_NAME = "$(TARGET_NAME)";
				TARGETED_DEVICE_FAMILY = "1,2";
				TEST_HOST = "$(BUILT_PRODUCTS_DIR)/DHUtilityLibrary.app/DHUtilityLibrary";
			};
			name = Debug;
		};
		E3389B63217B0796007FAA58 /* Release */ = {
			isa = XCBuildConfiguration;
			buildSettings = {
				BUNDLE_LOADER = "$(TEST_HOST)";
				CODE_SIGN_STYLE = Automatic;
				INFOPLIST_FILE = DHUtilityLibraryTests/Info.plist;
				LD_RUNPATH_SEARCH_PATHS = (
					"$(inherited)",
					"@executable_path/Frameworks",
					"@loader_path/Frameworks",
				);
				PRODUCT_BUNDLE_IDENTIFIER = liu.DHUtilityLibraryTests;
				PRODUCT_NAME = "$(TARGET_NAME)";
				TARGETED_DEVICE_FAMILY = "1,2";
				TEST_HOST = "$(BUILT_PRODUCTS_DIR)/DHUtilityLibrary.app/DHUtilityLibrary";
			};
			name = Release;
		};
/* End XCBuildConfiguration section */

/* Begin XCConfigurationList section */
		E3389B38217B0792007FAA58 /* Build configuration list for PBXProject "DHUtilityLibrary" */ = {
			isa = XCConfigurationList;
			buildConfigurations = (
				E3389B5C217B0796007FAA58 /* Debug */,
				E3389B5D217B0796007FAA58 /* Release */,
			);
			defaultConfigurationIsVisible = 0;
			defaultConfigurationName = Release;
		};
		E3389B5E217B0796007FAA58 /* Build configuration list for PBXNativeTarget "DHUtilityLibrary" */ = {
			isa = XCConfigurationList;
			buildConfigurations = (
				E3389B5F217B0796007FAA58 /* Debug */,
				E3389B60217B0796007FAA58 /* Release */,
			);
			defaultConfigurationIsVisible = 0;
			defaultConfigurationName = Release;
		};
		E3389B61217B0796007FAA58 /* Build configuration list for PBXNativeTarget "DHUtilityLibraryTests" */ = {
			isa = XCConfigurationList;
			buildConfigurations = (
				E3389B62217B0796007FAA58 /* Debug */,
				E3389B63217B0796007FAA58 /* Release */,
			);
			defaultConfigurationIsVisible = 0;
			defaultConfigurationName = Release;
		};
/* End XCConfigurationList section */
	};
	rootObject = E3389B35217B0792007FAA58 /* Project object */;
}
